// !$*UTF8*$!
{
	archiveVersion = 1;
	classes = {
	};
	objectVersion = 60;
	objects = {

/* Begin PBXBuildFile section */
		1B0000000000000000000001 /* AgentSlateApp.swift in Sources */ = {isa = PBXBuildFile; fileRef = 1A0000000000000000000001 /* AgentSlateApp.swift */; };
		1B0000000000000000000002 /* ContentView.swift in Sources */ = {isa = PBXBuildFile; fileRef = 1A0000000000000000000002 /* ContentView.swift */; };
		1B0000000000000000000003 /* AppModel.swift in Sources */ = {isa = PBXBuildFile; fileRef = 1A0000000000000000000003 /* AppModel.swift */; };
		1B0000000000000000000004 /* AppModelTests.swift in Sources */ = {isa = PBXBuildFile; fileRef = 1A0000000000000000000004 /* AppModelTests.swift */; };
		1B0000000000000000000005 /* AgentSlateClient in Frameworks */ = {isa = PBXBuildFile; productRef = 1F0000000000000000000001 /* AgentSlateClient */; };
		1B0000000000000000000006 /* Assets.xcassets in Resources */ = {isa = PBXBuildFile; fileRef = 1A0000000000000000000007 /* Assets.xcassets */; };
		1B0000000000000000000007 /* VoiceDictationController.swift in Sources */ = {isa = PBXBuildFile; fileRef = 1A0000000000000000000008 /* VoiceDictationController.swift */; };
		1B0000000000000000000008 /* PrivacyInfo.xcprivacy in Resources */ = {isa = PBXBuildFile; fileRef = 1A0000000000000000000009 /* PrivacyInfo.xcprivacy */; };
		1B0000000000000000000009 /* THIRD_PARTY_NOTICES.md in Resources */ = {isa = PBXBuildFile; fileRef = 1A000000000000000000000A /* THIRD_PARTY_NOTICES.md */; };
/* End PBXBuildFile section */

/* Begin PBXContainerItemProxy section */
		1C0000000000000000000001 /* PBXContainerItemProxy */ = {
			isa = PBXContainerItemProxy;
			containerPortal = 1E0000000000000000000001 /* Project object */;
			proxyType = 1;
			remoteGlobalIDString = 1D0000000000000000000001;
			remoteInfo = AgentSlate;
		};
/* End PBXContainerItemProxy section */

/* Begin PBXFileReference section */
		1A0000000000000000000001 /* AgentSlateApp.swift */ = {isa = PBXFileReference; lastKnownFileType = sourcecode.swift; path = AgentSlateApp.swift; sourceTree = "<group>"; };
		1A0000000000000000000002 /* ContentView.swift */ = {isa = PBXFileReference; lastKnownFileType = sourcecode.swift; path = ContentView.swift; sourceTree = "<group>"; };
		1A0000000000000000000003 /* AppModel.swift */ = {isa = PBXFileReference; lastKnownFileType = sourcecode.swift; path = AppModel.swift; sourceTree = "<group>"; };
		1A0000000000000000000004 /* AppModelTests.swift */ = {isa = PBXFileReference; lastKnownFileType = sourcecode.swift; path = AppModelTests.swift; sourceTree = "<group>"; };
		1A0000000000000000000005 /* AgentSlate.app */ = {isa = PBXFileReference; explicitFileType = wrapper.application; includeInIndex = 0; path = AgentSlate.app; sourceTree = BUILT_PRODUCTS_DIR; };
		1A0000000000000000000006 /* AgentSlateTests.xctest */ = {isa = PBXFileReference; explicitFileType = wrapper.cfbundle; includeInIndex = 0; path = AgentSlateTests.xctest; sourceTree = BUILT_PRODUCTS_DIR; };
		1A0000000000000000000007 /* Assets.xcassets */ = {isa = PBXFileReference; lastKnownFileType = folder.assetcatalog; path = Assets.xcassets; sourceTree = "<group>"; };
		1A0000000000000000000008 /* VoiceDictationController.swift */ = {isa = PBXFileReference; lastKnownFileType = sourcecode.swift; path = VoiceDictationController.swift; sourceTree = "<group>"; };
		1A0000000000000000000009 /* PrivacyInfo.xcprivacy */ = {isa = PBXFileReference; lastKnownFileType = text.xml; path = PrivacyInfo.xcprivacy; sourceTree = "<group>"; };
		1A000000000000000000000A /* THIRD_PARTY_NOTICES.md */ = {isa = PBXFileReference; lastKnownFileType = net.daringfireball.markdown; path = ../THIRD_PARTY_NOTICES.md; sourceTree = SOURCE_ROOT; };
/* End PBXFileReference section */

/* Begin PBXFrameworksBuildPhase section */
		1C0000000000000000000011 /* Frameworks */ = {
			isa = PBXFrameworksBuildPhase;
			buildActionMask = 2147483647;
			files = (
				1B0000000000000000000005 /* AgentSlateClient in Frameworks */,
			);
			runOnlyForDeploymentPostprocessing = 0;
		};
		1C0000000000000000000012 /* Frameworks */ = {
			isa = PBXFrameworksBuildPhase;
			buildActionMask = 2147483647;
			files = (
			);
			runOnlyForDeploymentPostprocessing = 0;
		};
/* End PBXFrameworksBuildPhase section */

/* Begin PBXGroup section */
		1C0000000000000000000020 = {
			isa = PBXGroup;
			children = (
				1C0000000000000000000021 /* AgentSlate */,
				1C0000000000000000000022 /* AgentSlateTests */,
				1C0000000000000000000023 /* Products */,
			);
			sourceTree = "<group>";
		};
		1C0000000000000000000021 /* AgentSlate */ = {
			isa = PBXGroup;
			children = (
				1A0000000000000000000001 /* AgentSlateApp.swift */,
				1A0000000000000000000002 /* ContentView.swift */,
				1A0000000000000000000003 /* AppModel.swift */,
				1A0000000000000000000008 /* VoiceDictationController.swift */,
				1A0000000000000000000007 /* Assets.xcassets */,
				1A0000000000000000000009 /* PrivacyInfo.xcprivacy */,
				1A000000000000000000000A /* THIRD_PARTY_NOTICES.md */,
			);
			path = AgentSlate;
			sourceTree = "<group>";
		};
		1C0000000000000000000022 /* AgentSlateTests */ = {
			isa = PBXGroup;
			children = (
				1A0000000000000000000004 /* AppModelTests.swift */,
			);
			path = AgentSlateTests;
			sourceTree = "<group>";
		};
		1C0000000000000000000023 /* Products */ = {
			isa = PBXGroup;
			children = (
				1A0000000000000000000005 /* AgentSlate.app */,
				1A0000000000000000000006 /* AgentSlateTests.xctest */,
			);
			name = Products;
			sourceTree = "<group>";
		};
/* End PBXGroup section */

/* Begin PBXNativeTarget section */
		1D0000000000000000000001 /* AgentSlate */ = {
			isa = PBXNativeTarget;
			buildConfigurationList = 1F0000000000000000000011 /* Build configuration list for PBXNativeTarget "AgentSlate" */;
			buildPhases = (
				1C0000000000000000000031 /* Sources */,
				1C0000000000000000000011 /* Frameworks */,
				1C0000000000000000000041 /* Resources */,
			);
			buildRules = (
			);
			dependencies = (
			);
			name = AgentSlate;
			packageProductDependencies = (
				1F0000000000000000000001 /* AgentSlateClient */,
			);
			productName = AgentSlate;
			productReference = 1A0000000000000000000005 /* AgentSlate.app */;
			productType = "com.apple.product-type.application";
		};
		1D0000000000000000000002 /* AgentSlateTests */ = {
			isa = PBXNativeTarget;
			buildConfigurationList = 1F0000000000000000000012 /* Build configuration list for PBXNativeTarget "AgentSlateTests" */;
			buildPhases = (
				1C0000000000000000000032 /* Sources */,
				1C0000000000000000000012 /* Frameworks */,
				1C0000000000000000000042 /* Resources */,
			);
			buildRules = (
			);
			dependencies = (
				1D0000000000000000000003 /* PBXTargetDependency */,
			);
			name = AgentSlateTests;
			productName = AgentSlateTests;
			productReference = 1A0000000000000000000006 /* AgentSlateTests.xctest */;
			productType = "com.apple.product-type.bundle.unit-test";
		};
/* End PBXNativeTarget section */

/* Begin PBXProject section */
		1E0000000000000000000001 /* Project object */ = {
			isa = PBXProject;
			attributes = {
				BuildIndependentTargetsInParallel = 1;
				LastSwiftUpdateCheck = 2640;
				LastUpgradeCheck = 2640;
				TargetAttributes = {
					1D0000000000000000000001 = {
						CreatedOnToolsVersion = 26.4;
					};
					1D0000000000000000000002 = {
						CreatedOnToolsVersion = 26.4;
						TestTargetID = 1D0000000000000000000001;
					};
				};
			};
			buildConfigurationList = 1F0000000000000000000010 /* Build configuration list for PBXProject "AgentSlate" */;
			compatibilityVersion = "Xcode 15.0";
			developmentRegion = en;
			hasScannedForEncodings = 0;
			knownRegions = (
				en,
				Base,
			);
			mainGroup = 1C0000000000000000000020;
			packageReferences = (
				1F0000000000000000000002 /* XCLocalSwiftPackageReference "../swift-client" */,
			);
			productRefGroup = 1C0000000000000000000023 /* Products */;
			projectDirPath = "";
			projectRoot = "";
			targets = (
				1D0000000000000000000001 /* AgentSlate */,
				1D0000000000000000000002 /* AgentSlateTests */,
			);
		};
/* End PBXProject section */

/* Begin PBXResourcesBuildPhase section */
		1C0000000000000000000041 /* Resources */ = {
			isa = PBXResourcesBuildPhase;
			buildActionMask = 2147483647;
			files = (
				1B0000000000000000000006 /* Assets.xcassets in Resources */,
				1B0000000000000000000008 /* PrivacyInfo.xcprivacy in Resources */,
				1B0000000000000000000009 /* THIRD_PARTY_NOTICES.md in Resources */,
			);
			runOnlyForDeploymentPostprocessing = 0;
		};
		1C0000000000000000000042 /* Resources */ = {
			isa = PBXResourcesBuildPhase;
			buildActionMask = 2147483647;
			files = (
			);
			runOnlyForDeploymentPostprocessing = 0;
		};
/* End PBXResourcesBuildPhase section */

/* Begin PBXSourcesBuildPhase section */
		1C0000000000000000000031 /* Sources */ = {
			isa = PBXSourcesBuildPhase;
			buildActionMask = 2147483647;
			files = (
				1B0000000000000000000001 /* AgentSlateApp.swift in Sources */,
				1B0000000000000000000002 /* ContentView.swift in Sources */,
				1B0000000000000000000003 /* AppModel.swift in Sources */,
				1B0000000000000000000007 /* VoiceDictationController.swift in Sources */,
			);
			runOnlyForDeploymentPostprocessing = 0;
		};
		1C0000000000000000000032 /* Sources */ = {
			isa = PBXSourcesBuildPhase;
			buildActionMask = 2147483647;
			files = (
				1B0000000000000000000004 /* AppModelTests.swift in Sources */,
			);
			runOnlyForDeploymentPostprocessing = 0;
		};
/* End PBXSourcesBuildPhase section */

/* Begin PBXTargetDependency section */
		1D0000000000000000000003 /* PBXTargetDependency */ = {
			isa = PBXTargetDependency;
			target = 1D0000000000000000000001 /* AgentSlate */;
			targetProxy = 1C0000000000000000000001 /* PBXContainerItemProxy */;
		};
/* End PBXTargetDependency section */

/* Begin XCBuildConfiguration section */
		1F0000000000000000000020 /* Debug */ = {
			isa = XCBuildConfiguration;
			buildSettings = {
				ALWAYS_SEARCH_USER_PATHS = NO;
				CLANG_ENABLE_MODULES = YES;
				CLANG_ENABLE_OBJC_ARC = YES;
				COPY_PHASE_STRIP = NO;
				DEBUG_INFORMATION_FORMAT = dwarf;
				ENABLE_TESTABILITY = YES;
				GCC_C_LANGUAGE_STANDARD = gnu17;
				GCC_OPTIMIZATION_LEVEL = 0;
				ONLY_ACTIVE_ARCH = YES;
				SWIFT_ACTIVE_COMPILATION_CONDITIONS = "DEBUG $(inherited)";
				SWIFT_OPTIMIZATION_LEVEL = "-Onone";
			};
			name = Debug;
		};
		1F0000000000000000000021 /* Release */ = {
			isa = XCBuildConfiguration;
			buildSettings = {
				ALWAYS_SEARCH_USER_PATHS = NO;
				CLANG_ENABLE_MODULES = YES;
				CLANG_ENABLE_OBJC_ARC = YES;
				COPY_PHASE_STRIP = NO;
				DEBUG_INFORMATION_FORMAT = "dwarf-with-dsym";
				GCC_C_LANGUAGE_STANDARD = gnu17;
				SWIFT_COMPILATION_MODE = wholemodule;
			};
			name = Release;
		};
		1F0000000000000000000022 /* Debug */ = {
			isa = XCBuildConfiguration;
			buildSettings = {
				ASSETCATALOG_COMPILER_APPICON_NAME = AppIcon;
				CODE_SIGN_STYLE = Automatic;
				CURRENT_PROJECT_VERSION = 3;
				DEVELOPMENT_TEAM = KGR3DQJZ8C;
				ENABLE_PREVIEWS = YES;
				GENERATE_INFOPLIST_FILE = YES;
				INFOPLIST_KEY_CFBundleDisplayName = AgentSlate;
				INFOPLIST_KEY_ITSAppUsesNonExemptEncryption = NO;
				INFOPLIST_KEY_NSLocalNetworkUsageDescription = "Connects to your Herdr bridge over your private network.";
				INFOPLIST_KEY_NSMicrophoneUsageDescription = "Records spoken instructions that stay on this iPhone and are sent as text to your selected Herdr agent.";
				INFOPLIST_KEY_NSSpeechRecognitionUsageDescription = "Transcribes spoken instructions entirely on this iPhone before you choose whether to send the resulting text.";
				INFOPLIST_KEY_UIApplicationSceneManifest_Generation = YES;
				INFOPLIST_KEY_UIApplicationSupportsIndirectInputEvents = YES;
				INFOPLIST_KEY_UILaunchScreen_Generation = YES;
				IPHONEOS_DEPLOYMENT_TARGET = 26.0;
				LD_RUNPATH_SEARCH_PATHS = (
					"$(inherited)",
					"@executable_path/Frameworks",
				);
				MARKETING_VERSION = 0.1.0;
				PRODUCT_BUNDLE_IDENTIFIER = com.danielou.AgentSlate;
				PRODUCT_NAME = "$(TARGET_NAME)";
				SDKROOT = iphoneos;
				SUPPORTED_PLATFORMS = "iphoneos iphonesimulator";
				SUPPORTS_MACCATALYST = NO;
				SWIFT_EMIT_LOC_STRINGS = YES;
				SWIFT_VERSION = 6.0;
				TARGETED_DEVICE_FAMILY = 1;
			};
			name = Debug;
		};
		1F0000000000000000000023 /* Release */ = {
			isa = XCBuildConfiguration;
			buildSettings = {
				ASSETCATALOG_COMPILER_APPICON_NAME = AppIcon;
				CODE_SIGN_STYLE = Automatic;
				CURRENT_PROJECT_VERSION = 3;
				DEVELOPMENT_TEAM = KGR3DQJZ8C;
				ENABLE_PREVIEWS = YES;
				GENERATE_INFOPLIST_FILE = YES;
				INFOPLIST_KEY_CFBundleDisplayName = AgentSlate;
				INFOPLIST_KEY_ITSAppUsesNonExemptEncryption = NO;
				INFOPLIST_KEY_NSLocalNetworkUsageDescription = "Connects to your Herdr bridge over your private network.";
				INFOPLIST_KEY_NSMicrophoneUsageDescription = "Records spoken instructions that stay on this iPhone and are sent as text to your selected Herdr agent.";
				INFOPLIST_KEY_NSSpeechRecognitionUsageDescription = "Transcribes spoken instructions entirely on this iPhone before you choose whether to send the resulting text.";
				INFOPLIST_KEY_UIApplicationSceneManifest_Generation = YES;
				INFOPLIST_KEY_UIApplicationSupportsIndirectInputEvents = YES;
				INFOPLIST_KEY_UILaunchScreen_Generation = YES;
				IPHONEOS_DEPLOYMENT_TARGET = 26.0;
				LD_RUNPATH_SEARCH_PATHS = (
					"$(inherited)",
					"@executable_path/Frameworks",
				);
				MARKETING_VERSION = 0.1.0;
				PRODUCT_BUNDLE_IDENTIFIER = com.danielou.AgentSlate;
				PRODUCT_NAME = "$(TARGET_NAME)";
				SDKROOT = iphoneos;
				SUPPORTED_PLATFORMS = "iphoneos iphonesimulator";
				SUPPORTS_MACCATALYST = NO;
				SWIFT_EMIT_LOC_STRINGS = YES;
				SWIFT_VERSION = 6.0;
				TARGETED_DEVICE_FAMILY = 1;
			};
			name = Release;
		};
		1F0000000000000000000024 /* Debug */ = {
			isa = XCBuildConfiguration;
			buildSettings = {
				BUNDLE_LOADER = "$(TEST_HOST)";
				CODE_SIGN_STYLE = Automatic;
				GENERATE_INFOPLIST_FILE = YES;
				IPHONEOS_DEPLOYMENT_TARGET = 26.0;
				PRODUCT_BUNDLE_IDENTIFIER = com.danielou.AgentSlateTests;
				PRODUCT_NAME = "$(TARGET_NAME)";
				SDKROOT = iphoneos;
				SUPPORTED_PLATFORMS = "iphoneos iphonesimulator";
				SUPPORTS_MACCATALYST = NO;
				SWIFT_VERSION = 6.0;
				TARGETED_DEVICE_FAMILY = 1;
				TEST_HOST = "$(BUILT_PRODUCTS_DIR)/AgentSlate.app/$(BUNDLE_EXECUTABLE_FOLDER_PATH)/AgentSlate";
			};
			name = Debug;
		};
		1F0000000000000000000025 /* Release */ = {
			isa = XCBuildConfiguration;
			buildSettings = {
				BUNDLE_LOADER = "$(TEST_HOST)";
				CODE_SIGN_STYLE = Automatic;
				GENERATE_INFOPLIST_FILE = YES;
				IPHONEOS_DEPLOYMENT_TARGET = 26.0;
				PRODUCT_BUNDLE_IDENTIFIER = com.danielou.AgentSlateTests;
				PRODUCT_NAME = "$(TARGET_NAME)";
				SDKROOT = iphoneos;
				SUPPORTED_PLATFORMS = "iphoneos iphonesimulator";
				SUPPORTS_MACCATALYST = NO;
				SWIFT_VERSION = 6.0;
				TARGETED_DEVICE_FAMILY = 1;
				TEST_HOST = "$(BUILT_PRODUCTS_DIR)/AgentSlate.app/$(BUNDLE_EXECUTABLE_FOLDER_PATH)/AgentSlate";
			};
			name = Release;
		};
/* End XCBuildConfiguration section */

/* Begin XCConfigurationList section */
		1F0000000000000000000010 /* Build configuration list for PBXProject "AgentSlate" */ = {
			isa = XCConfigurationList;
			buildConfigurations = (
				1F0000000000000000000020 /* Debug */,
				1F0000000000000000000021 /* Release */,
			);
			defaultConfigurationIsVisible = 0;
			defaultConfigurationName = Release;
		};
		1F0000000000000000000011 /* Build configuration list for PBXNativeTarget "AgentSlate" */ = {
			isa = XCConfigurationList;
			buildConfigurations = (
				1F0000000000000000000022 /* Debug */,
				1F0000000000000000000023 /* Release */,
			);
			defaultConfigurationIsVisible = 0;
			defaultConfigurationName = Release;
		};
		1F0000000000000000000012 /* Build configuration list for PBXNativeTarget "AgentSlateTests" */ = {
			isa = XCConfigurationList;
			buildConfigurations = (
				1F0000000000000000000024 /* Debug */,
				1F0000000000000000000025 /* Release */,
			);
			defaultConfigurationIsVisible = 0;
			defaultConfigurationName = Release;
		};
/* End XCConfigurationList section */

/* Begin XCLocalSwiftPackageReference section */
		1F0000000000000000000002 /* XCLocalSwiftPackageReference "../swift-client" */ = {
			isa = XCLocalSwiftPackageReference;
			relativePath = "../swift-client";
		};
/* End XCLocalSwiftPackageReference section */

/* Begin XCSwiftPackageProductDependency section */
		1F0000000000000000000001 /* AgentSlateClient */ = {
			isa = XCSwiftPackageProductDependency;
			package = 1F0000000000000000000002 /* XCLocalSwiftPackageReference "../swift-client" */;
			productName = AgentSlateClient;
		};
/* End XCSwiftPackageProductDependency section */
	};
	rootObject = 1E0000000000000000000001 /* Project object */;
}
